
Microsoft Visual Studio Solution File, Format Version 12.00
# Visual Studio Version 16
VisualStudioVersion = 16.0.31205.134
MinimumVisualStudioVersion = 10.0.40219.1
Project("{FAE04EC0-301F-11D3-BF4B-00C04F79EFBC}") = "Soft_AEATE", "Soft_AEATE\Soft_AEATE.csproj", "{DDD8EF62-6F00-432F-A791-09F0D16FA61F}"
EndProject
Global
	GlobalSection(SolutionConfigurationPlatforms) = preSolution
		Debug|Any CPU = Debug|Any CPU
		Release|Any CPU = Release|Any CPU
	EndGlobalSection
	GlobalSection(ProjectConfigurationPlatforms) = postSolution
		{DDD8EF62-6F00-432F-A791-09F0D16FA61F}.Debug|Any CPU.ActiveCfg = Debug|Any CPU
		{DDD8EF62-6F00-432F-A791-09F0D16FA61F}.Debug|Any CPU.Build.0 = Debug|Any CPU
		{DDD8EF62-6F00-432F-A791-09F0D16FA61F}.Release|Any CPU.ActiveCfg = Release|Any CPU
		{DDD8EF62-6F00-432F-A791-09F0D16FA61F}.Release|Any CPU.Build.0 = Release|Any CPU
	EndGlobalSection
	GlobalSection(SolutionProperties) = preSolution
		HideSolutionNode = FALSE
	EndGlobalSection
	GlobalSection(ExtensibilityGlobals) = postSolution
		SolutionGuid = {D1CB8D62-EF2D-4A26-8B2C-BD18EA43229D}
	EndGlobalSection
EndGlobal
